
Microsoft Visual Studio Solution File, Format Version 12.00
# Visual Studio Version 16
VisualStudioVersion = 16.0.31829.152
MinimumVisualStudioVersion = 10.0.40219.1
Project("{FAE04EC0-301F-11D3-BF4B-00C04F79EFBC}") = "Homework", "Homework\Homework.csproj", "{72C1F912-62B8-4A4C-B39D-1DFB20907A15}"
EndProject
Global
	GlobalSection(SolutionConfigurationPlatforms) = preSolution
		Debug|Any CPU = Debug|Any CPU
		Release|Any CPU = Release|Any CPU
	EndGlobalSection
	GlobalSection(ProjectConfigurationPlatforms) = postSolution
		{72C1F912-62B8-4A4C-B39D-1DFB20907A15}.Debug|Any CPU.ActiveCfg = Debug|Any CPU
		{72C1F912-62B8-4A4C-B39D-1DFB20907A15}.Debug|Any CPU.Build.0 = Debug|Any CPU
		{72C1F912-62B8-4A4C-B39D-1DFB20907A15}.Release|Any CPU.ActiveCfg = Release|Any CPU
		{72C1F912-62B8-4A4C-B39D-1DFB20907A15}.Release|Any CPU.Build.0 = Release|Any CPU
	EndGlobalSection
	GlobalSection(SolutionProperties) = preSolution
		HideSolutionNode = FALSE
	EndGlobalSection
	GlobalSection(ExtensibilityGlobals) = postSolution
		SolutionGuid = {DCDF5F9D-69F3-45E7-BC4C-FE937415FCDC}
	EndGlobalSection
EndGlobal
